
Microsoft Visual Studio Solution File, Format Version 12.00
# Visual Studio 15
VisualStudioVersion = 15.0.28307.572
MinimumVisualStudioVersion = 10.0.40219.1
Project("{888888A0-9F3D-457C-B088-3A5042F75D52}") = "ssd_pytorch", "ssd_pytorch.pyproj", "{9CBEAF5A-3371-462F-8FED-0AD6C3906E2A}"
EndProject
Global
	GlobalSection(SolutionConfigurationPlatforms) = preSolution
		Debug|Any CPU = Debug|Any CPU
		Release|Any CPU = Release|Any CPU
	EndGlobalSection
	GlobalSection(ProjectConfigurationPlatforms) = postSolution
		{9CBEAF5A-3371-462F-8FED-0AD6C3906E2A}.Debug|Any CPU.ActiveCfg = Debug|Any CPU
		{9CBEAF5A-3371-462F-8FED-0AD6C3906E2A}.Release|Any CPU.ActiveCfg = Release|Any CPU
	EndGlobalSection
	GlobalSection(SolutionProperties) = preSolution
		HideSolutionNode = FALSE
	EndGlobalSection
	GlobalSection(ExtensibilityGlobals) = postSolution
		SolutionGuid = {F2BC4983-F8D5-42D5-9568-CDEFA881D58C}
	EndGlobalSection
EndGlobal
